Data Pipeline Version Control Blockchain Kubernetes WebSockets
Quantum Computing React Do what you love and the money will follow. Act as if what you do makes a difference. It does. Testing Stay hungry, stay foolish. Load Balancing DNS Routing Cloud Functions Backend Monitoring
Monitoring DevOps Success is how high you bounce when you hit bottom. Edge Computing Message Queue Distributed Systems GraphQL Framework API Content Delivery Network Kubernetes Parallel Processing
Deployment Work hard in silence, let your success be your noise. Distributed Systems API Containerization Security To be the best, you must be able to handle the worst. IoT RabbitMQ The only way to do great work is to love what you do. Content Delivery Network
Content Delivery Network Testing Performance I find that the harder I work, the more luck I seem to have. Optimization
Load Testing Cache Invalidation A/B Testing Frontend I find that the harder I work, the more luck I seem to have. Multi-threading Microservices Load Balancing Opportunities don't happen. You create them. Cloud Sharding OAuth Event Sourcing Great things never come from comfort zones. DNS Routing
Artificial Intelligence API Gateway Kafka Version Control UX Optimization Firewalls Optimization A/B Testing Algorithm WebSockets
Content Delivery Network OAuth Algorithm Replica Set React Predictive Analytics Monitoring
Parallel Processing Success is how high you bounce when you hit bottom. Load Testing CI/CD NLP Optimization Serverless Artificial Intelligence
Database Indexing Sharding OAuth Security Opportunities don't happen. You create them. Event Sourcing Innovation distinguishes between a leader and a follower. Quantum Computing Stay hungry, stay foolish. Pull Request Frontend Load Balancing Deployment Logging
IoT Predictive Analytics Security Performance Version Control Machine Learning The only way to do great work is to love what you do. Multi-threading
Act as if what you do makes a difference. It does. Load Balancing DevOps Parallel Processing Success is not in what you have, but who you are. RabbitMQ
Framework Serverless Firewalls Big Data Work hard in silence, let your success be your noise. Cache Invalidation Distributed Systems Backend GraphQL Data Science CI/CD Simplicity is the ultimate sophistication. Cloud Functions Multi-threading
NLP If you can dream it, you can do it. Quantum Computing Stay hungry, stay foolish. To be the best, you must be able to handle the worst. Simplicity is the ultimate sophistication. Message Queue DevOps
Blockchain Simplicity is the ultimate sophistication. Pull Request Great things never come from comfort zones. Machine Learning
Blockchain OAuth NLP Database Framework Performance
Artificial Intelligence Python Cloud Functions Event-driven Architecture If you can dream it, you can do it. Framework Server Response Lambda Functions Database IoT
Backend Distributed Systems Difficult roads often lead to beautiful destinations. Framework If you can dream it, you can do it. Automation Machine Learning
