Data Pipeline Version Control Blockchain Kubernetes WebSockets
Quantum Computing React Do what you love and the money will follow. Act as if what you do makes a difference. It does. Testing Stay hungry, stay foolish. Load Balancing DNS Routing Cloud Functions Backend Monitoring
Monitoring DevOps Success is how high you bounce when you hit bottom. Edge Computing Message Queue Distributed Systems GraphQL Framework API Content Delivery Network Kubernetes Parallel Processing
Deployment Work hard in silence, let your success be your noise. Distributed Systems API Containerization Security To be the best, you must be able to handle the worst. IoT RabbitMQ The only way to do great work is to love what you do. Content Delivery Network
Content Delivery Network Testing Performance I find that the harder I work, the more luck I seem to have. Optimization
